<?xml version="1.0" encoding="utf-8"?>
<Project ToolsVersion="4.0" xmlns="http://schemas.microsoft.com/developer/msbuild/2003">
  <ItemGroup>
    <Filter Include="Source Files">
      <UniqueIdentifier>{4FC737F1-C7A5-4376-A066-2A32D752A2FF}</UniqueIdentifier>
      <Extensions>cpp;c;cc;cxx;def;odl;idl;hpj;bat;asm;asmx</Extensions>
    </Filter>
    <Filter Include="Header Files">
      <UniqueIdentifier>{93995380-89BD-4b04-88EB-625FBE52EBFB}</UniqueIdentifier>
      <Extensions>h;hpp;hxx;hm;inl;inc;xsd</Extensions>
    </Filter>
    <Filter Include="Resource Files">
      <UniqueIdentifier>{67DA6AB6-F800-4c08-8B7A-83BB121AAD01}</UniqueIdentifier>
      <Extensions>rc;ico;cur;bmp;dlg;rc2;rct;bin;rgs;gif;jpg;jpeg;jpe;resx;tiff;tif;png;wav;mfcribbon-ms</Extensions>
    </Filter>
  </ItemGroup>
  <ItemGroup>
    <Text Include="ReadMe.txt" />
  </ItemGroup>
  <ItemGroup>
    <ClInclude Include="stdafx.h">
      <Filter>Header Files</Filter>
    </ClInclude>
    <ClInclude Include="targetver.h">
      <Filter>Header Files</Filter>
    </ClInclude>
    <ClInclude Include="Resource.h">
      <Filter>Header Files</Filter>
    </ClInclude>
    <ClInclude Include="Track.h">
      <Filter>Header Files</Filter>
    </ClInclude>
    <ClInclude Include="ArrayEx.h">
      <Filter>Header Files</Filter>
    </ClInclude>
    <ClInclude Include="ArrayExAlgoDef.h">
      <Filter>Header Files</Filter>
    </ClInclude>
    <ClInclude Include="WObject.h">
      <Filter>Header Files</Filter>
    </ClInclude>
    <ClInclude Include="Wrapx64.h">
      <Filter>Header Files</Filter>
    </ClInclude>
    <ClInclude Include="Globals.h">
      <Filter>Header Files</Filter>
    </ClInclude>
    <ClInclude Include="Round.h">
      <Filter>Header Files</Filter>
    </ClInclude>
    <ClInclude Include="Benchmark.h">
      <Filter>Header Files</Filter>
    </ClInclude>
    <ClInclude Include="FixedArray.h">
      <Filter>Header Files</Filter>
    </ClInclude>
    <ClInclude Include="Properties.h">
      <Filter>Header Files</Filter>
    </ClInclude>
    <ClInclude Include="Midi.h">
      <Filter>Header Files</Filter>
    </ClInclude>
    <ClInclude Include="MidiCtrlrDef.h">
      <Filter>Header Files</Filter>
    </ClInclude>
    <ClInclude Include="CritSec.h">
      <Filter>Header Files</Filter>
    </ClInclude>
    <ClInclude Include="TrackDef.h">
      <Filter>Header Files</Filter>
    </ClInclude>
    <ClInclude Include="RegTemplTypes.h">
      <Filter>Header Files</Filter>
    </ClInclude>
    <ClInclude Include="SeqTrackArray.h">
      <Filter>Header Files</Filter>
    </ClInclude>
    <ClInclude Include="VariantHelper.h">
      <Filter>Header Files</Filter>
    </ClInclude>
    <ClInclude Include="IniFile.h">
      <Filter>Header Files</Filter>
    </ClInclude>
    <ClInclude Include="MasterPropsDef.h">
      <Filter>Header Files</Filter>
    </ClInclude>
    <ClInclude Include="PolymeterDoc.h">
      <Filter>Header Files</Filter>
    </ClInclude>
    <ClInclude Include="ViewTypeDef.h">
      <Filter>Header Files</Filter>
    </ClInclude>
    <ClInclude Include="MasterProps.h">
      <Filter>Header Files</Filter>
    </ClInclude>
    <ClInclude Include="Note.h">
      <Filter>Header Files</Filter>
    </ClInclude>
    <ClInclude Include="NoteDef.h">
      <Filter>Header Files</Filter>
    </ClInclude>
    <ClInclude Include="Polymeter.h">
      <Filter>Header Files</Filter>
    </ClInclude>
    <ClInclude Include="Channel.h">
      <Filter>Header Files</Filter>
    </ClInclude>
    <ClInclude Include="ChannelDef.h">
      <Filter>Header Files</Filter>
    </ClInclude>
    <ClInclude Include="Preset.h">
      <Filter>Header Files</Filter>
    </ClInclude>
    <ClInclude Include="MappingDef.h">
      <Filter>Header Files</Filter>
    </ClInclude>
    <ClInclude Include="Mapping.h">
      <Filter>Header Files</Filter>
    </ClInclude>
    <ClInclude Include="MainFrm.h">
      <Filter>Header Files</Filter>
    </ClInclude>
    <ClInclude Include="MidiFile.h">
      <Filter>Header Files</Filter>
    </ClInclude>
    <ClInclude Include="ParseCSV.h">
      <Filter>Header Files</Filter>
    </ClInclude>
    <ClInclude Include="PolymeterCL.h">
      <Filter>Header Files</Filter>
    </ClInclude>
    <ClInclude Include="Sequencer.h">
      <Filter>Header Files</Filter>
    </ClInclude>
    <ClInclude Include="SequencerErrors.h">
      <Filter>Header Files</Filter>
    </ClInclude>
    <ClInclude Include="Version.h">
      <Filter>Header Files</Filter>
    </ClInclude>
  </ItemGroup>
  <ItemGroup>
    <ClCompile Include="stdafx.cpp">
      <Filter>Source Files</Filter>
    </ClCompile>
    <ClCompile Include="Track.cpp">
      <Filter>Source Files</Filter>
    </ClCompile>
    <ClCompile Include="ArrayEx.cpp">
      <Filter>Source Files</Filter>
    </ClCompile>
    <ClCompile Include="Properties.cpp">
      <Filter>Source Files</Filter>
    </ClCompile>
    <ClCompile Include="SeqTrackArray.cpp">
      <Filter>Source Files</Filter>
    </ClCompile>
    <ClCompile Include="IniFile.cpp">
      <Filter>Source Files</Filter>
    </ClCompile>
    <ClCompile Include="PolymeterDoc.cpp">
      <Filter>Source Files</Filter>
    </ClCompile>
    <ClCompile Include="MasterProps.cpp">
      <Filter>Source Files</Filter>
    </ClCompile>
    <ClCompile Include="Channel.cpp">
      <Filter>Source Files</Filter>
    </ClCompile>
    <ClCompile Include="Preset.cpp">
      <Filter>Source Files</Filter>
    </ClCompile>
    <ClCompile Include="Mapping.cpp">
      <Filter>Source Files</Filter>
    </ClCompile>
    <ClCompile Include="PolymeterCL.cpp">
      <Filter>Source Files</Filter>
    </ClCompile>
    <ClCompile Include="Sequencer.cpp">
      <Filter>Source Files</Filter>
    </ClCompile>
    <ClCompile Include="Benchmark.cpp">
      <Filter>Source Files</Filter>
    </ClCompile>
    <ClCompile Include="MidiFile.cpp">
      <Filter>Source Files</Filter>
    </ClCompile>
  </ItemGroup>
  <ItemGroup>
    <ResourceCompile Include="PolymeterCL.rc">
      <Filter>Resource Files</Filter>
    </ResourceCompile>
  </ItemGroup>
</Project>